{
  "version": 4,
  "terraform_version": "1.6.3",
  "serial": 16,
  "lineage": "62146bf6-84e2-6cca-6d0f-c355cc46bef4",
  "outputs": {},
  "resources": [
    {
      "mode": "managed",
      "type": "azurerm_linux_virtual_machine",
      "name": "tfDemoVM",
      "provider": "provider[\"registry.terraform.io/hashicorp/azurerm\"]",
      "instances": [
        {
          "schema_version": 0,
          "attributes": {
            "additional_capabilities": [],
            "admin_password": null,
            "admin_ssh_key": [
              {
                "public_key": "ssh-rsa AAAAB3NzaC1yc2EAAAADAQABAAABgQCcL5EF7+/xIF96xNs6YsMwm9eNERAK5FNt6HR707OkzM8BSsJvzuEdsz0Rrrz+OpgbRDfMGWa6teNk4N8b6aheV1WV517Ogta1FNyGZgdVbDMaRY4go0hGerPW2SJ8GHaHAEwf+EsR/LkFFIEDoU9wxDsCEE0uJRmLnyYKQy3kvdUc37/Jqg0/9LYK4q1Q+Usa9dNMXkgb89Sjy34kpaDZOA5bDQ1zqWDWsjdCZGIaRlB+Q4TD4wZPNhKZRZ3xP/eWJEoGZ5+NH9EsurGEH1dd2N2NdeXG6J38UXFXThVJLPi4SDgbNN8BdkJSeY39KSr4nRfrlyY4GyuvpYPpwitQ48vdpfQ39YLsnA95ujI6mExr1i0v7aKpgVNglO+zrVJniauepzwVAgliKHx+b9y/vwxfON3KuhAB/5o0CRoaP1Q3HRX5cqIMKlqs6X8ERU/A9PnvDcYfTI+vQ6ofazBC+F1twsMPoLBA+HnnTw3KUaeD3/qdoK6FicRmGG2GTTE= demouser@myDemoVM\n",
                "username": "demouser"
              }
            ],
            "admin_username": "demouser",
            "allow_extension_operations": true,
            "availability_set_id": "",
            "boot_diagnostics": [],
            "computer_name": "tfDemoVM-machine",
            "custom_data": null,
            "dedicated_host_group_id": "",
            "dedicated_host_id": "",
            "disable_password_authentication": true,
            "edge_zone": "",
            "encryption_at_host_enabled": false,
            "eviction_policy": "",
            "extensions_time_budget": "PT1H30M",
            "id": "/subscriptions/03ac9a23-1191-4d68-9a29-a1ca04c11aa2/resourceGroups/myTFRG/providers/Microsoft.Compute/virtualMachines/tfDemoVM-machine",
            "identity": [],
            "license_type": "",
            "location": "eastus2",
            "max_bid_price": -1,
            "name": "tfDemoVM-machine",
            "network_interface_ids": [
              "/subscriptions/03ac9a23-1191-4d68-9a29-a1ca04c11aa2/resourceGroups/myTFRG/providers/Microsoft.Network/networkInterfaces/tfdemovm01-nic"
            ],
            "os_disk": [
              {
                "caching": "ReadWrite",
                "diff_disk_settings": [],
                "disk_encryption_set_id": "",
                "disk_size_gb": 30,
                "name": "tfDemoVM-machine_OsDisk_1_9f3848f4855742e09ce9d7a57f303d7e",
                "storage_account_type": "Standard_LRS",
                "write_accelerator_enabled": false
              }
            ],
            "patch_mode": "ImageDefault",
            "plan": [],
            "platform_fault_domain": -1,
            "priority": "Regular",
            "private_ip_address": "10.0.2.4",
            "private_ip_addresses": [
              "10.0.2.4"
            ],
            "provision_vm_agent": true,
            "proximity_placement_group_id": "",
            "public_ip_address": "20.1.143.44",
            "public_ip_addresses": [
              "20.1.143.44"
            ],
            "resource_group_name": "myTFRG",
            "secret": [],
            "secure_boot_enabled": false,
            "size": "Standard_B2s",
            "source_image_id": "",
            "source_image_reference": [
              {
                "offer": "0001-com-ubuntu-server-jammy",
                "publisher": "Canonical",
                "sku": "22_04-lts",
                "version": "latest"
              }
            ],
            "tags": {},
            "termination_notification": [],
            "timeouts": null,
            "user_data": "",
            "virtual_machine_id": "a6dd413f-6eaa-4b0d-97aa-e6869f3ee3be",
            "virtual_machine_scale_set_id": "",
            "vtpm_enabled": false,
            "zone": ""
          },
          "sensitive_attributes": [],
          "private": "eyJlMmJmYjczMC1lY2FhLTExZTYtOGY4OC0zNDM2M2JjN2M0YzAiOnsiY3JlYXRlIjoyNzAwMDAwMDAwMDAwLCJkZWxldGUiOjI3MDAwMDAwMDAwMDAsInJlYWQiOjMwMDAwMDAwMDAwMCwidXBkYXRlIjoyNzAwMDAwMDAwMDAwfX0=",
          "dependencies": [
            "azurerm_network_interface.tfdemovm01",
            "azurerm_public_ip.tfDemoVM-publicip",
            "azurerm_resource_group.myrg",
            "azurerm_subnet.tfDemo-subnet",
            "azurerm_virtual_network.tfDemoVM-vnet"
          ]
        }
      ]
    },
    {
      "mode": "managed",
      "type": "azurerm_network_interface",
      "name": "tfdemovm01",
      "provider": "provider[\"registry.terraform.io/hashicorp/azurerm\"]",
      "instances": [
        {
          "schema_version": 0,
          "attributes": {
            "applied_dns_servers": [],
            "dns_servers": [],
            "edge_zone": "",
            "enable_accelerated_networking": false,
            "enable_ip_forwarding": false,
            "id": "/subscriptions/03ac9a23-1191-4d68-9a29-a1ca04c11aa2/resourceGroups/myTFRG/providers/Microsoft.Network/networkInterfaces/tfdemovm01-nic",
            "internal_dns_name_label": "",
            "internal_domain_name_suffix": "ueh10nuj1prejdylowdudzteab.cx.internal.cloudapp.net",
            "ip_configuration": [
              {
                "gateway_load_balancer_frontend_ip_configuration_id": "",
                "name": "internal",
                "primary": true,
                "private_ip_address": "10.0.2.4",
                "private_ip_address_allocation": "Dynamic",
                "private_ip_address_version": "IPv4",
                "public_ip_address_id": "/subscriptions/03ac9a23-1191-4d68-9a29-a1ca04c11aa2/resourceGroups/myTFRG/providers/Microsoft.Network/publicIPAddresses/tfDemoVM-publicip",
                "subnet_id": "/subscriptions/03ac9a23-1191-4d68-9a29-a1ca04c11aa2/resourceGroups/myTFRG/providers/Microsoft.Network/virtualNetworks/tfDemoVM-vnet/subnets/internal"
              }
            ],
            "location": "eastus2",
            "mac_address": "00-0D-3A-7A-62-3C",
            "name": "tfdemovm01-nic",
            "private_ip_address": "10.0.2.4",
            "private_ip_addresses": [
              "10.0.2.4"
            ],
            "resource_group_name": "myTFRG",
            "tags": {},
            "timeouts": null,
            "virtual_machine_id": "/subscriptions/03ac9a23-1191-4d68-9a29-a1ca04c11aa2/resourceGroups/myTFRG/providers/Microsoft.Compute/virtualMachines/tfDemoVM-machine"
          },
          "sensitive_attributes": [],
          "private": "eyJlMmJmYjczMC1lY2FhLTExZTYtOGY4OC0zNDM2M2JjN2M0YzAiOnsiY3JlYXRlIjoxODAwMDAwMDAwMDAwLCJkZWxldGUiOjE4MDAwMDAwMDAwMDAsInJlYWQiOjMwMDAwMDAwMDAwMCwidXBkYXRlIjoxODAwMDAwMDAwMDAwfX0=",
          "dependencies": [
            "azurerm_public_ip.tfDemoVM-publicip",
            "azurerm_resource_group.myrg",
            "azurerm_subnet.tfDemo-subnet",
            "azurerm_virtual_network.tfDemoVM-vnet"
          ]
        }
      ]
    },
    {
      "mode": "managed",
      "type": "azurerm_network_interface_security_group_association",
      "name": "tfdemovm01-nic-association",
      "provider": "provider[\"registry.terraform.io/hashicorp/azurerm\"]",
      "instances": [
        {
          "schema_version": 0,
          "attributes": {
            "id": "/subscriptions/03ac9a23-1191-4d68-9a29-a1ca04c11aa2/resourceGroups/myTFRG/providers/Microsoft.Network/networkInterfaces/tfdemovm01-nic|/subscriptions/03ac9a23-1191-4d68-9a29-a1ca04c11aa2/resourceGroups/myTFRG/providers/Microsoft.Network/networkSecurityGroups/tfDemoVM-nsg",
            "network_interface_id": "/subscriptions/03ac9a23-1191-4d68-9a29-a1ca04c11aa2/resourceGroups/myTFRG/providers/Microsoft.Network/networkInterfaces/tfdemovm01-nic",
            "network_security_group_id": "/subscriptions/03ac9a23-1191-4d68-9a29-a1ca04c11aa2/resourceGroups/myTFRG/providers/Microsoft.Network/networkSecurityGroups/tfDemoVM-nsg",
            "timeouts": null
          },
          "sensitive_attributes": [],
          "private": "eyJlMmJmYjczMC1lY2FhLTExZTYtOGY4OC0zNDM2M2JjN2M0YzAiOnsiY3JlYXRlIjoxODAwMDAwMDAwMDAwLCJkZWxldGUiOjE4MDAwMDAwMDAwMDAsInJlYWQiOjMwMDAwMDAwMDAwMCwidXBkYXRlIjoxODAwMDAwMDAwMDAwfX0=",
          "dependencies": [
            "azurerm_network_interface.tfdemovm01",
            "azurerm_network_security_group.tfDemoVM-nsg",
            "azurerm_public_ip.tfDemoVM-publicip",
            "azurerm_resource_group.myrg",
            "azurerm_subnet.tfDemo-subnet",
            "azurerm_virtual_network.tfDemoVM-vnet"
          ]
        }
      ]
    },
    {
      "mode": "managed",
      "type": "azurerm_network_security_group",
      "name": "tfDemoVM-nsg",
      "provider": "provider[\"registry.terraform.io/hashicorp/azurerm\"]",
      "instances": [
        {
          "schema_version": 0,
          "attributes": {
            "id": "/subscriptions/03ac9a23-1191-4d68-9a29-a1ca04c11aa2/resourceGroups/myTFRG/providers/Microsoft.Network/networkSecurityGroups/tfDemoVM-nsg",
            "location": "eastus2",
            "name": "tfDemoVM-nsg",
            "resource_group_name": "myTFRG",
            "security_rule": [
              {
                "access": "Allow",
                "description": "",
                "destination_address_prefix": "*",
                "destination_address_prefixes": [],
                "destination_application_security_group_ids": [],
                "destination_port_range": "8080",
                "destination_port_ranges": [],
                "direction": "Inbound",
                "name": "allow_8080",
                "priority": 100,
                "protocol": "*",
                "source_address_prefix": "*",
                "source_address_prefixes": [],
                "source_application_security_group_ids": [],
                "source_port_range": "*",
                "source_port_ranges": []
              }
            ],
            "tags": {},
            "timeouts": null
          },
          "sensitive_attributes": [],
          "private": "eyJlMmJmYjczMC1lY2FhLTExZTYtOGY4OC0zNDM2M2JjN2M0YzAiOnsiY3JlYXRlIjoxODAwMDAwMDAwMDAwLCJkZWxldGUiOjE4MDAwMDAwMDAwMDAsInJlYWQiOjMwMDAwMDAwMDAwMCwidXBkYXRlIjoxODAwMDAwMDAwMDAwfX0=",
          "dependencies": [
            "azurerm_resource_group.myrg"
          ]
        }
      ]
    },
    {
      "mode": "managed",
      "type": "azurerm_network_security_rule",
      "name": "allow_8080",
      "provider": "provider[\"registry.terraform.io/hashicorp/azurerm\"]",
      "instances": [
        {
          "schema_version": 0,
          "attributes": {
            "access": "Allow",
            "description": "",
            "destination_address_prefix": "*",
            "destination_address_prefixes": [],
            "destination_application_security_group_ids": [],
            "destination_port_range": "8080",
            "destination_port_ranges": [],
            "direction": "Inbound",
            "id": "/subscriptions/03ac9a23-1191-4d68-9a29-a1ca04c11aa2/resourceGroups/myTFRG/providers/Microsoft.Network/networkSecurityGroups/tfDemoVM-nsg/securityRules/allow_8080",
            "name": "allow_8080",
            "network_security_group_name": "tfDemoVM-nsg",
            "priority": 100,
            "protocol": "*",
            "resource_group_name": "myTFRG",
            "source_address_prefix": "*",
            "source_address_prefixes": [],
            "source_application_security_group_ids": [],
            "source_port_range": "*",
            "source_port_ranges": [],
            "timeouts": null
          },
          "sensitive_attributes": [],
          "private": "eyJlMmJmYjczMC1lY2FhLTExZTYtOGY4OC0zNDM2M2JjN2M0YzAiOnsiY3JlYXRlIjoxODAwMDAwMDAwMDAwLCJkZWxldGUiOjE4MDAwMDAwMDAwMDAsInJlYWQiOjMwMDAwMDAwMDAwMCwidXBkYXRlIjoxODAwMDAwMDAwMDAwfX0=",
          "dependencies": [
            "azurerm_network_security_group.tfDemoVM-nsg",
            "azurerm_resource_group.myrg"
          ]
        }
      ]
    },
    {
      "mode": "managed",
      "type": "azurerm_network_security_rule",
      "name": "allow_ssh",
      "provider": "provider[\"registry.terraform.io/hashicorp/azurerm\"]",
      "instances": [
        {
          "schema_version": 0,
          "attributes": {
            "access": "Allow",
            "description": "",
            "destination_address_prefix": "*",
            "destination_address_prefixes": null,
            "destination_application_security_group_ids": null,
            "destination_port_range": "22",
            "destination_port_ranges": null,
            "direction": "Inbound",
            "id": "/subscriptions/03ac9a23-1191-4d68-9a29-a1ca04c11aa2/resourceGroups/myTFRG/providers/Microsoft.Network/networkSecurityGroups/tfDemoVM-nsg/securityRules/allow_ssh",
            "name": "allow_ssh",
            "network_security_group_name": "tfDemoVM-nsg",
            "priority": 110,
            "protocol": "Tcp",
            "resource_group_name": "myTFRG",
            "source_address_prefix": "*",
            "source_address_prefixes": null,
            "source_application_security_group_ids": null,
            "source_port_range": "*",
            "source_port_ranges": null,
            "timeouts": null
          },
          "sensitive_attributes": [],
          "private": "eyJlMmJmYjczMC1lY2FhLTExZTYtOGY4OC0zNDM2M2JjN2M0YzAiOnsiY3JlYXRlIjoxODAwMDAwMDAwMDAwLCJkZWxldGUiOjE4MDAwMDAwMDAwMDAsInJlYWQiOjMwMDAwMDAwMDAwMCwidXBkYXRlIjoxODAwMDAwMDAwMDAwfX0=",
          "dependencies": [
            "azurerm_network_security_group.tfDemoVM-nsg",
            "azurerm_resource_group.myrg"
          ]
        }
      ]
    },
    {
      "mode": "managed",
      "type": "azurerm_public_ip",
      "name": "tfDemoVM-publicip",
      "provider": "provider[\"registry.terraform.io/hashicorp/azurerm\"]",
      "instances": [
        {
          "schema_version": 0,
          "attributes": {
            "allocation_method": "Dynamic",
            "domain_name_label": null,
            "edge_zone": "",
            "fqdn": null,
            "id": "/subscriptions/03ac9a23-1191-4d68-9a29-a1ca04c11aa2/resourceGroups/myTFRG/providers/Microsoft.Network/publicIPAddresses/tfDemoVM-publicip",
            "idle_timeout_in_minutes": 4,
            "ip_address": "20.1.143.44",
            "ip_tags": {},
            "ip_version": "IPv4",
            "location": "eastus2",
            "name": "tfDemoVM-publicip",
            "public_ip_prefix_id": null,
            "resource_group_name": "myTFRG",
            "reverse_fqdn": null,
            "sku": "Basic",
            "sku_tier": "Regional",
            "tags": {},
            "timeouts": null,
            "zones": []
          },
          "sensitive_attributes": [],
          "private": "eyJlMmJmYjczMC1lY2FhLTExZTYtOGY4OC0zNDM2M2JjN2M0YzAiOnsiY3JlYXRlIjoxODAwMDAwMDAwMDAwLCJkZWxldGUiOjE4MDAwMDAwMDAwMDAsInJlYWQiOjMwMDAwMDAwMDAwMCwidXBkYXRlIjoxODAwMDAwMDAwMDAwfX0=",
          "dependencies": [
            "azurerm_resource_group.myrg"
          ]
        }
      ]
    },
    {
      "mode": "managed",
      "type": "azurerm_resource_group",
      "name": "myrg",
      "provider": "provider[\"registry.terraform.io/hashicorp/azurerm\"]",
      "instances": [
        {
          "schema_version": 0,
          "attributes": {
            "id": "/subscriptions/03ac9a23-1191-4d68-9a29-a1ca04c11aa2/resourceGroups/myTFRG",
            "location": "eastus2",
            "name": "myTFRG",
            "tags": {},
            "timeouts": null
          },
          "sensitive_attributes": [],
          "private": "eyJlMmJmYjczMC1lY2FhLTExZTYtOGY4OC0zNDM2M2JjN2M0YzAiOnsiY3JlYXRlIjo1NDAwMDAwMDAwMDAwLCJkZWxldGUiOjU0MDAwMDAwMDAwMDAsInJlYWQiOjMwMDAwMDAwMDAwMCwidXBkYXRlIjo1NDAwMDAwMDAwMDAwfX0="
        }
      ]
    },
    {
      "mode": "managed",
      "type": "azurerm_subnet",
      "name": "tfDemo-subnet",
      "provider": "provider[\"registry.terraform.io/hashicorp/azurerm\"]",
      "instances": [
        {
          "schema_version": 0,
          "attributes": {
            "address_prefixes": [
              "10.0.2.0/24"
            ],
            "delegation": [],
            "enforce_private_link_endpoint_network_policies": false,
            "enforce_private_link_service_network_policies": false,
            "id": "/subscriptions/03ac9a23-1191-4d68-9a29-a1ca04c11aa2/resourceGroups/myTFRG/providers/Microsoft.Network/virtualNetworks/tfDemoVM-vnet/subnets/internal",
            "name": "internal",
            "resource_group_name": "myTFRG",
            "service_endpoint_policy_ids": [],
            "service_endpoints": [],
            "timeouts": null,
            "virtual_network_name": "tfDemoVM-vnet"
          },
          "sensitive_attributes": [],
          "private": "eyJlMmJmYjczMC1lY2FhLTExZTYtOGY4OC0zNDM2M2JjN2M0YzAiOnsiY3JlYXRlIjoxODAwMDAwMDAwMDAwLCJkZWxldGUiOjE4MDAwMDAwMDAwMDAsInJlYWQiOjMwMDAwMDAwMDAwMCwidXBkYXRlIjoxODAwMDAwMDAwMDAwfX0=",
          "dependencies": [
            "azurerm_resource_group.myrg",
            "azurerm_virtual_network.tfDemoVM-vnet"
          ]
        }
      ]
    },
    {
      "mode": "managed",
      "type": "azurerm_virtual_network",
      "name": "tfDemoVM-vnet",
      "provider": "provider[\"registry.terraform.io/hashicorp/azurerm\"]",
      "instances": [
        {
          "schema_version": 0,
          "attributes": {
            "address_space": [
              "10.0.0.0/16"
            ],
            "bgp_community": "",
            "ddos_protection_plan": [],
            "dns_servers": [],
            "edge_zone": "",
            "flow_timeout_in_minutes": 0,
            "guid": "36bd0fa1-db89-44e2-8f0b-758741e66401",
            "id": "/subscriptions/03ac9a23-1191-4d68-9a29-a1ca04c11aa2/resourceGroups/myTFRG/providers/Microsoft.Network/virtualNetworks/tfDemoVM-vnet",
            "location": "eastus2",
            "name": "tfDemoVM-vnet",
            "resource_group_name": "myTFRG",
            "subnet": [
              {
                "address_prefix": "10.0.2.0/24",
                "id": "/subscriptions/03ac9a23-1191-4d68-9a29-a1ca04c11aa2/resourceGroups/myTFRG/providers/Microsoft.Network/virtualNetworks/tfDemoVM-vnet/subnets/internal",
                "name": "internal",
                "security_group": ""
              }
            ],
            "tags": {},
            "timeouts": null
          },
          "sensitive_attributes": [],
          "private": "eyJlMmJmYjczMC1lY2FhLTExZTYtOGY4OC0zNDM2M2JjN2M0YzAiOnsiY3JlYXRlIjoxODAwMDAwMDAwMDAwLCJkZWxldGUiOjE4MDAwMDAwMDAwMDAsInJlYWQiOjMwMDAwMDAwMDAwMCwidXBkYXRlIjoxODAwMDAwMDAwMDAwfX0=",
          "dependencies": [
            "azurerm_resource_group.myrg"
          ]
        }
      ]
    }
  ],
  "check_results": null
}
